
Microsoft Visual Studio Solution File, Format Version 12.00
# Visual Studio 15
VisualStudioVersion = 15.0.28306.52
MinimumVisualStudioVersion = 10.0.40219.1
Project("{FAE04EC0-301F-11D3-BF4B-00C04F79EFBC}") = "Classes", "Classes\Classes.csproj", "{C1969EEC-68EA-4727-9720-8D09D0650551}"
EndProject
Global
	GlobalSection(SolutionConfigurationPlatforms) = preSolution
		Debug|Any CPU = Debug|Any CPU
		Release|Any CPU = Release|Any CPU
	EndGlobalSection
	GlobalSection(ProjectConfigurationPlatforms) = postSolution
		{C1969EEC-68EA-4727-9720-8D09D0650551}.Debug|Any CPU.ActiveCfg = Debug|Any CPU
		{C1969EEC-68EA-4727-9720-8D09D0650551}.Debug|Any CPU.Build.0 = Debug|Any CPU
		{C1969EEC-68EA-4727-9720-8D09D0650551}.Release|Any CPU.ActiveCfg = Release|Any CPU
		{C1969EEC-68EA-4727-9720-8D09D0650551}.Release|Any CPU.Build.0 = Release|Any CPU
	EndGlobalSection
	GlobalSection(SolutionProperties) = preSolution
		HideSolutionNode = FALSE
	EndGlobalSection
	GlobalSection(ExtensibilityGlobals) = postSolution
		SolutionGuid = {C1E3B7BF-DEAD-4E05-9AEF-BDCE19B8B28D}
	EndGlobalSection
EndGlobal
